auspice/rsv_B_WGS_tree.json
auspice/rsv_B_WGS_meta.json
results/tree.nwk
data/metadata.tsv
results/branch_lengths.json
results/traits.json
results/nt_muts.json
results/aa_muts.json
config/colors.tsv
config/lat_longs.tsv
config/auspice_config.json
results/tree.nwk
data/metadata.tsv
results/tree_raw.nwk
results/aligned.fasta
data/metadata.tsv
results/tree.nwk
results/nt_muts.json
config/rsv_B_WGS_outgroup.gb
results/tree.nwk
results/aligned.fasta
results/filtered.fasta
config/rsv_B_WGS_outgroup.gb
results/aligned.fasta
data/sequences.fasta
data/metadata.tsv
